
Microsoft Visual Studio Solution File, Format Version 12.00
# Visual Studio Version 16
VisualStudioVersion = 16.0.30621.155
MinimumVisualStudioVersion = 10.0.40219.1
Project("{FAE04EC0-301F-11D3-BF4B-00C04F79EFBC}") = "WindowsForm-KarakterOdev", "WindowsForm-KarakterOdev\WindowsForm-KarakterOdev.csproj", "{748C04D5-DF3A-46D3-9E49-EBDD23A1A723}"
EndProject
Global
	GlobalSection(SolutionConfigurationPlatforms) = preSolution
		Debug|Any CPU = Debug|Any CPU
		Release|Any CPU = Release|Any CPU
	EndGlobalSection
	GlobalSection(ProjectConfigurationPlatforms) = postSolution
		{748C04D5-DF3A-46D3-9E49-EBDD23A1A723}.Debug|Any CPU.ActiveCfg = Debug|Any CPU
		{748C04D5-DF3A-46D3-9E49-EBDD23A1A723}.Debug|Any CPU.Build.0 = Debug|Any CPU
		{748C04D5-DF3A-46D3-9E49-EBDD23A1A723}.Release|Any CPU.ActiveCfg = Release|Any CPU
		{748C04D5-DF3A-46D3-9E49-EBDD23A1A723}.Release|Any CPU.Build.0 = Release|Any CPU
	EndGlobalSection
	GlobalSection(SolutionProperties) = preSolution
		HideSolutionNode = FALSE
	EndGlobalSection
	GlobalSection(ExtensibilityGlobals) = postSolution
		SolutionGuid = {ED9AB9EB-D171-4E8D-8ED3-F8530EF10618}
	EndGlobalSection
EndGlobal
